// !$*UTF8*$!
{
	archiveVersion = 1;
	classes = {
	};
	objectVersion = 46;
	objects = {

/* Begin PBXBuildFile section */
		385D869403DC03AB35B0BFA1 /* libPods-TutorME.a in Frameworks */ = {isa = PBXBuildFile; fileRef = 4498332D6A341D3D23543A84 /* libPods-TutorME.a */; };
		6708D57C1CC947EB00368633 /* AnswerViewController.m in Sources */ = {isa = PBXBuildFile; fileRef = 6708D57B1CC947EB00368633 /* AnswerViewController.m */; };
		6742C2D31CBDF02F00563083 /* QuestionTableViewCell.m in Sources */ = {isa = PBXBuildFile; fileRef = 6742C2D21CBDF02F00563083 /* QuestionTableViewCell.m */; };
		6750B48C1CBEB88000A5D0B1 /* Social.framework in Frameworks */ = {isa = PBXBuildFile; fileRef = 6750B48B1CBEB88000A5D0B1 /* Social.framework */; };
		6788EED51CBD70D7007B4070 /* QuestionViewController.m in Sources */ = {isa = PBXBuildFile; fileRef = 6788EED41CBD70D7007B4070 /* QuestionViewController.m */; };
		67A7A4241CB2EBB700C3C21C /* HomeViewController.m in Sources */ = {isa = PBXBuildFile; fileRef = 67A7A4231CB2EBB700C3C21C /* HomeViewController.m */; };
		67A7A4271CB2EBCF00C3C21C /* ScoreViewController.m in Sources */ = {isa = PBXBuildFile; fileRef = 67A7A4261CB2EBCF00C3C21C /* ScoreViewController.m */; };
		67A7A42A1CB2EC0000C3C21C /* ProfileViewController.m in Sources */ = {isa = PBXBuildFile; fileRef = 67A7A4291CB2EC0000C3C21C /* ProfileViewController.m */; };
		67A7A43B1CB3060500C3C21C /* NewQuestionViewController.m in Sources */ = {isa = PBXBuildFile; fileRef = 67A7A43A1CB3060500C3C21C /* NewQuestionViewController.m */; };
		67A7A44C1CB31AB800C3C21C /* Login.m in Sources */ = {isa = PBXBuildFile; fileRef = 67A7A44B1CB31AB800C3C21C /* Login.m */; };
		67CAC6C01CB3579300963337 /* Registration.m in Sources */ = {isa = PBXBuildFile; fileRef = 67CAC6BF1CB3579300963337 /* Registration.m */; };
		67CAC6C51CB4040000963337 /* NewQuestion.m in Sources */ = {isa = PBXBuildFile; fileRef = 67CAC6C41CB4040000963337 /* NewQuestion.m */; };
		67CAC6C81CB430C500963337 /* ScoreTableViewCell.m in Sources */ = {isa = PBXBuildFile; fileRef = 67CAC6C71CB430C500963337 /* ScoreTableViewCell.m */; };
		67D94D751CB1AD9100D84C7C /* main.m in Sources */ = {isa = PBXBuildFile; fileRef = 67D94D741CB1AD9100D84C7C /* main.m */; };
		67D94D781CB1AD9100D84C7C /* AppDelegate.m in Sources */ = {isa = PBXBuildFile; fileRef = 67D94D771CB1AD9100D84C7C /* AppDelegate.m */; };
		67D94D7E1CB1AD9100D84C7C /* Main.storyboard in Resources */ = {isa = PBXBuildFile; fileRef = 67D94D7C1CB1AD9100D84C7C /* Main.storyboard */; };
		67D94D801CB1AD9100D84C7C /* Assets.xcassets in Resources */ = {isa = PBXBuildFile; fileRef = 67D94D7F1CB1AD9100D84C7C /* Assets.xcassets */; };
		67D94D831CB1AD9100D84C7C /* LaunchScreen.storyboard in Resources */ = {isa = PBXBuildFile; fileRef = 67D94D811CB1AD9100D84C7C /* LaunchScreen.storyboard */; };
		67D94DC21CB20E4100D84C7C /* AboutViewController.m in Sources */ = {isa = PBXBuildFile; fileRef = 67D94DC11CB20E4100D84C7C /* AboutViewController.m */; };
		67D94DC51CB214F800D84C7C /* LoginViewController.m in Sources */ = {isa = PBXBuildFile; fileRef = 67D94DC41CB214F800D84C7C /* LoginViewController.m */; };
		67D94DC81CB2150900D84C7C /* RegisterViewController.m in Sources */ = {isa = PBXBuildFile; fileRef = 67D94DC71CB2150900D84C7C /* RegisterViewController.m */; };
		67F8329E1CB48253004C5811 /* HomeTableViewCell.m in Sources */ = {isa = PBXBuildFile; fileRef = 67F8329D1CB48253004C5811 /* HomeTableViewCell.m */; };
		AE5599061CC462B300562A5A /* PageFViewController.m in Sources */ = {isa = PBXBuildFile; fileRef = AE5599051CC462B300562A5A /* PageFViewController.m */; };
		EAE2F3F31CC3F91D00F8562D /* fontawesome-webfont.ttf in Resources */ = {isa = PBXBuildFile; fileRef = EAE2F3F21CC3F91D00F8562D /* fontawesome-webfont.ttf */; };
/* End PBXBuildFile section */

/* Begin PBXFileReference section */
		4498332D6A341D3D23543A84 /* libPods-TutorME.a */ = {isa = PBXFileReference; explicitFileType = archive.ar; includeInIndex = 0; path = "libPods-TutorME.a"; sourceTree = BUILT_PRODUCTS_DIR; };
		6708D57A1CC947EB00368633 /* AnswerViewController.h */ = {isa = PBXFileReference; fileEncoding = 4; lastKnownFileType = sourcecode.c.h; path = AnswerViewController.h; sourceTree = "<group>"; };
		6708D57B1CC947EB00368633 /* AnswerViewController.m */ = {isa = PBXFileReference; fileEncoding = 4; lastKnownFileType = sourcecode.c.objc; path = AnswerViewController.m; sourceTree = "<group>"; };
		6742C2D11CBDF02F00563083 /* QuestionTableViewCell.h */ = {isa = PBXFileReference; fileEncoding = 4; lastKnownFileType = sourcecode.c.h; path = QuestionTableViewCell.h; sourceTree = "<group>"; };
		6742C2D21CBDF02F00563083 /* QuestionTableViewCell.m */ = {isa = PBXFileReference; fileEncoding = 4; lastKnownFileType = sourcecode.c.objc; path = QuestionTableViewCell.m; sourceTree = "<group>"; };
		6750B48B1CBEB88000A5D0B1 /* Social.framework */ = {isa = PBXFileReference; lastKnownFileType = wrapper.framework; name = Social.framework; path = System/Library/Frameworks/Social.framework; sourceTree = SDKROOT; };
		6788EED31CBD70D7007B4070 /* QuestionViewController.h */ = {isa = PBXFileReference; fileEncoding = 4; lastKnownFileType = sourcecode.c.h; path = QuestionViewController.h; sourceTree = "<group>"; };
		6788EED41CBD70D7007B4070 /* QuestionViewController.m */ = {isa = PBXFileReference; fileEncoding = 4; lastKnownFileType = sourcecode.c.objc; path = QuestionViewController.m; sourceTree = "<group>"; };
		67A7A4221CB2EBB700C3C21C /* HomeViewController.h */ = {isa = PBXFileReference; fileEncoding = 4; lastKnownFileType = sourcecode.c.h; path = HomeViewController.h; sourceTree = "<group>"; };
		67A7A4231CB2EBB700C3C21C /* HomeViewController.m */ = {isa = PBXFileReference; fileEncoding = 4; lastKnownFileType = sourcecode.c.objc; path = HomeViewController.m; sourceTree = "<group>"; };
		67A7A4251CB2EBCF00C3C21C /* ScoreViewController.h */ = {isa = PBXFileReference; fileEncoding = 4; lastKnownFileType = sourcecode.c.h; path = ScoreViewController.h; sourceTree = "<group>"; };
		67A7A4261CB2EBCF00C3C21C /* ScoreViewController.m */ = {isa = PBXFileReference; fileEncoding = 4; lastKnownFileType = sourcecode.c.objc; path = ScoreViewController.m; sourceTree = "<group>"; };
		67A7A4281CB2EC0000C3C21C /* ProfileViewController.h */ = {isa = PBXFileReference; fileEncoding = 4; lastKnownFileType = sourcecode.c.h; path = ProfileViewController.h; sourceTree = "<group>"; };
		67A7A4291CB2EC0000C3C21C /* ProfileViewController.m */ = {isa = PBXFileReference; fileEncoding = 4; lastKnownFileType = sourcecode.c.objc; path = ProfileViewController.m; sourceTree = "<group>"; };
		67A7A4391CB3060500C3C21C /* NewQuestionViewController.h */ = {isa = PBXFileReference; fileEncoding = 4; lastKnownFileType = sourcecode.c.h; path = NewQuestionViewController.h; sourceTree = "<group>"; };
		67A7A43A1CB3060500C3C21C /* NewQuestionViewController.m */ = {isa = PBXFileReference; fileEncoding = 4; lastKnownFileType = sourcecode.c.objc; path = NewQuestionViewController.m; sourceTree = "<group>"; };
		67A7A44A1CB31AB800C3C21C /* Login.h */ = {isa = PBXFileReference; fileEncoding = 4; lastKnownFileType = sourcecode.c.h; path = Login.h; sourceTree = "<group>"; };
		67A7A44B1CB31AB800C3C21C /* Login.m */ = {isa = PBXFileReference; fileEncoding = 4; lastKnownFileType = sourcecode.c.objc; path = Login.m; sourceTree = "<group>"; };
		67CAC6BE1CB3579300963337 /* Registration.h */ = {isa = PBXFileReference; fileEncoding = 4; lastKnownFileType = sourcecode.c.h; path = Registration.h; sourceTree = "<group>"; };
		67CAC6BF1CB3579300963337 /* Registration.m */ = {isa = PBXFileReference; fileEncoding = 4; lastKnownFileType = sourcecode.c.objc; path = Registration.m; sourceTree = "<group>"; };
		67CAC6C31CB4040000963337 /* NewQuestion.h */ = {isa = PBXFileReference; fileEncoding = 4; lastKnownFileType = sourcecode.c.h; path = NewQuestion.h; sourceTree = "<group>"; };
		67CAC6C41CB4040000963337 /* NewQuestion.m */ = {isa = PBXFileReference; fileEncoding = 4; lastKnownFileType = sourcecode.c.objc; path = NewQuestion.m; sourceTree = "<group>"; };
		67CAC6C61CB430C500963337 /* ScoreTableViewCell.h */ = {isa = PBXFileReference; fileEncoding = 4; lastKnownFileType = sourcecode.c.h; path = ScoreTableViewCell.h; sourceTree = "<group>"; };
		67CAC6C71CB430C500963337 /* ScoreTableViewCell.m */ = {isa = PBXFileReference; fileEncoding = 4; lastKnownFileType = sourcecode.c.objc; path = ScoreTableViewCell.m; sourceTree = "<group>"; };
		67D94D701CB1AD9100D84C7C /* TutorME.app */ = {isa = PBXFileReference; explicitFileType = wrapper.application; includeInIndex = 0; path = TutorME.app; sourceTree = BUILT_PRODUCTS_DIR; };
		67D94D741CB1AD9100D84C7C /* main.m */ = {isa = PBXFileReference; lastKnownFileType = sourcecode.c.objc; path = main.m; sourceTree = "<group>"; };
		67D94D761CB1AD9100D84C7C /* AppDelegate.h */ = {isa = PBXFileReference; lastKnownFileType = sourcecode.c.h; path = AppDelegate.h; sourceTree = "<group>"; };
		67D94D771CB1AD9100D84C7C /* AppDelegate.m */ = {isa = PBXFileReference; lastKnownFileType = sourcecode.c.objc; path = AppDelegate.m; sourceTree = "<group>"; };
		67D94D7D1CB1AD9100D84C7C /* Base */ = {isa = PBXFileReference; lastKnownFileType = file.storyboard; name = Base; path = Base.lproj/Main.storyboard; sourceTree = "<group>"; };
		67D94D7F1CB1AD9100D84C7C /* Assets.xcassets */ = {isa = PBXFileReference; lastKnownFileType = folder.assetcatalog; path = Assets.xcassets; sourceTree = "<group>"; };
		67D94D821CB1AD9100D84C7C /* Base */ = {isa = PBXFileReference; lastKnownFileType = file.storyboard; name = Base; path = Base.lproj/LaunchScreen.storyboard; sourceTree = "<group>"; };
		67D94D841CB1AD9100D84C7C /* Info.plist */ = {isa = PBXFileReference; lastKnownFileType = text.plist.xml; path = Info.plist; sourceTree = "<group>"; };
		67D94DC01CB20E4100D84C7C /* AboutViewController.h */ = {isa = PBXFileReference; fileEncoding = 4; lastKnownFileType = sourcecode.c.h; path = AboutViewController.h; sourceTree = "<group>"; };
		67D94DC11CB20E4100D84C7C /* AboutViewController.m */ = {isa = PBXFileReference; fileEncoding = 4; lastKnownFileType = sourcecode.c.objc; path = AboutViewController.m; sourceTree = "<group>"; };
		67D94DC31CB214F800D84C7C /* LoginViewController.h */ = {isa = PBXFileReference; fileEncoding = 4; lastKnownFileType = sourcecode.c.h; path = LoginViewController.h; sourceTree = "<group>"; };
		67D94DC41CB214F800D84C7C /* LoginViewController.m */ = {isa = PBXFileReference; fileEncoding = 4; lastKnownFileType = sourcecode.c.objc; path = LoginViewController.m; sourceTree = "<group>"; };
		67D94DC61CB2150900D84C7C /* RegisterViewController.h */ = {isa = PBXFileReference; fileEncoding = 4; lastKnownFileType = sourcecode.c.h; path = RegisterViewController.h; sourceTree = "<group>"; };
		67D94DC71CB2150900D84C7C /* RegisterViewController.m */ = {isa = PBXFileReference; fileEncoding = 4; lastKnownFileType = sourcecode.c.objc; path = RegisterViewController.m; sourceTree = "<group>"; };
		67F8329C1CB48253004C5811 /* HomeTableViewCell.h */ = {isa = PBXFileReference; fileEncoding = 4; lastKnownFileType = sourcecode.c.h; path = HomeTableViewCell.h; sourceTree = "<group>"; };
		67F8329D1CB48253004C5811 /* HomeTableViewCell.m */ = {isa = PBXFileReference; fileEncoding = 4; lastKnownFileType = sourcecode.c.objc; path = HomeTableViewCell.m; sourceTree = "<group>"; };
		9F6547F4747890712863D55B /* Pods-TutorME.debug.xcconfig */ = {isa = PBXFileReference; includeInIndex = 1; lastKnownFileType = text.xcconfig; name = "Pods-TutorME.debug.xcconfig"; path = "Pods/Target Support Files/Pods-TutorME/Pods-TutorME.debug.xcconfig"; sourceTree = "<group>"; };
		AE5599041CC462B300562A5A /* PageFViewController.h */ = {isa = PBXFileReference; fileEncoding = 4; lastKnownFileType = sourcecode.c.h; path = PageFViewController.h; sourceTree = "<group>"; };
		AE5599051CC462B300562A5A /* PageFViewController.m */ = {isa = PBXFileReference; fileEncoding = 4; lastKnownFileType = sourcecode.c.objc; path = PageFViewController.m; sourceTree = "<group>"; };
		C0410AC47C29B98E157F9238 /* Pods-TutorME.release.xcconfig */ = {isa = PBXFileReference; includeInIndex = 1; lastKnownFileType = text.xcconfig; name = "Pods-TutorME.release.xcconfig"; path = "Pods/Target Support Files/Pods-TutorME/Pods-TutorME.release.xcconfig"; sourceTree = "<group>"; };
		EAE2F3F21CC3F91D00F8562D /* fontawesome-webfont.ttf */ = {isa = PBXFileReference; lastKnownFileType = file; path = "fontawesome-webfont.ttf"; sourceTree = "<group>"; };
/* End PBXFileReference section */

/* Begin PBXFrameworksBuildPhase section */
		67D94D6D1CB1AD9100D84C7C /* Frameworks */ = {
			isa = PBXFrameworksBuildPhase;
			buildActionMask = 2147483647;
			files = (
				6750B48C1CBEB88000A5D0B1 /* Social.framework in Frameworks */,
				385D869403DC03AB35B0BFA1 /* libPods-TutorME.a in Frameworks */,
			);
			runOnlyForDeploymentPostprocessing = 0;
		};
/* End PBXFrameworksBuildPhase section */

/* Begin PBXGroup section */
		6786F85D8FD564607E1E2AA9 /* Frameworks */ = {
			isa = PBXGroup;
			children = (
				6750B48B1CBEB88000A5D0B1 /* Social.framework */,
				4498332D6A341D3D23543A84 /* libPods-TutorME.a */,
			);
			name = Frameworks;
			sourceTree = "<group>";
		};
		67D94D671CB1AD9100D84C7C = {
			isa = PBXGroup;
			children = (
				EAE2F3F21CC3F91D00F8562D /* fontawesome-webfont.ttf */,
				67D94D721CB1AD9100D84C7C /* TutorME */,
				67D94D711CB1AD9100D84C7C /* Products */,
				B75F816998B07CE3E5263482 /* Pods */,
				6786F85D8FD564607E1E2AA9 /* Frameworks */,
			);
			sourceTree = "<group>";
		};
		67D94D711CB1AD9100D84C7C /* Products */ = {
			isa = PBXGroup;
			children = (
				67D94D701CB1AD9100D84C7C /* TutorME.app */,
			);
			name = Products;
			sourceTree = "<group>";
		};
		67D94D721CB1AD9100D84C7C /* TutorME */ = {
			isa = PBXGroup;
			children = (
				67D94D8C1CB1AE5D00D84C7C /* View Controllers */,
				67D94D8B1CB1AE4200D84C7C /* Nibs */,
				67D94D8A1CB1AE3300D84C7C /* Special Classes */,
				67D94D7F1CB1AD9100D84C7C /* Assets.xcassets */,
				67D94D841CB1AD9100D84C7C /* Info.plist */,
				67D94D731CB1AD9100D84C7C /* Supporting Files */,
			);
			path = TutorME;
			sourceTree = "<group>";
		};
		67D94D731CB1AD9100D84C7C /* Supporting Files */ = {
			isa = PBXGroup;
			children = (
				67D94D741CB1AD9100D84C7C /* main.m */,
			);
			name = "Supporting Files";
			sourceTree = "<group>";
		};
		67D94D8A1CB1AE3300D84C7C /* Special Classes */ = {
			isa = PBXGroup;
			children = (
				67D94D761CB1AD9100D84C7C /* AppDelegate.h */,
				67D94D771CB1AD9100D84C7C /* AppDelegate.m */,
				67A7A44A1CB31AB800C3C21C /* Login.h */,
				67A7A44B1CB31AB800C3C21C /* Login.m */,
				67CAC6BE1CB3579300963337 /* Registration.h */,
				67CAC6BF1CB3579300963337 /* Registration.m */,
				67CAC6C31CB4040000963337 /* NewQuestion.h */,
				67CAC6C41CB4040000963337 /* NewQuestion.m */,
				67CAC6C61CB430C500963337 /* ScoreTableViewCell.h */,
				67CAC6C71CB430C500963337 /* ScoreTableViewCell.m */,
				67F8329C1CB48253004C5811 /* HomeTableViewCell.h */,
				67F8329D1CB48253004C5811 /* HomeTableViewCell.m */,
				6742C2D11CBDF02F00563083 /* QuestionTableViewCell.h */,
				6742C2D21CBDF02F00563083 /* QuestionTableViewCell.m */,
			);
			name = "Special Classes";
			sourceTree = "<group>";
		};
		67D94D8B1CB1AE4200D84C7C /* Nibs */ = {
			isa = PBXGroup;
			children = (
				67D94D7C1CB1AD9100D84C7C /* Main.storyboard */,
				67D94D811CB1AD9100D84C7C /* LaunchScreen.storyboard */,
			);
			name = Nibs;
			sourceTree = "<group>";
		};
		67D94D8C1CB1AE5D00D84C7C /* View Controllers */ = {
			isa = PBXGroup;
			children = (
				67D94DC01CB20E4100D84C7C /* AboutViewController.h */,
				67D94DC11CB20E4100D84C7C /* AboutViewController.m */,
				67D94DC31CB214F800D84C7C /* LoginViewController.h */,
				67D94DC41CB214F800D84C7C /* LoginViewController.m */,
				67D94DC61CB2150900D84C7C /* RegisterViewController.h */,
				67D94DC71CB2150900D84C7C /* RegisterViewController.m */,
				67A7A4221CB2EBB700C3C21C /* HomeViewController.h */,
				67A7A4231CB2EBB700C3C21C /* HomeViewController.m */,
				67A7A4251CB2EBCF00C3C21C /* ScoreViewController.h */,
				67A7A4261CB2EBCF00C3C21C /* ScoreViewController.m */,
				67A7A4281CB2EC0000C3C21C /* ProfileViewController.h */,
				67A7A4291CB2EC0000C3C21C /* ProfileViewController.m */,
				67A7A4391CB3060500C3C21C /* NewQuestionViewController.h */,
				67A7A43A1CB3060500C3C21C /* NewQuestionViewController.m */,
				6788EED31CBD70D7007B4070 /* QuestionViewController.h */,
				6788EED41CBD70D7007B4070 /* QuestionViewController.m */,
				AE5599041CC462B300562A5A /* PageFViewController.h */,
				AE5599051CC462B300562A5A /* PageFViewController.m */,
				6708D57A1CC947EB00368633 /* AnswerViewController.h */,
				6708D57B1CC947EB00368633 /* AnswerViewController.m */,
			);
			name = "View Controllers";
			sourceTree = "<group>";
		};
		B75F816998B07CE3E5263482 /* Pods */ = {
			isa = PBXGroup;
			children = (
				9F6547F4747890712863D55B /* Pods-TutorME.debug.xcconfig */,
				C0410AC47C29B98E157F9238 /* Pods-TutorME.release.xcconfig */,
			);
			name = Pods;
			sourceTree = "<group>";
		};
/* End PBXGroup section */

/* Begin PBXNativeTarget section */
		67D94D6F1CB1AD9100D84C7C /* TutorME */ = {
			isa = PBXNativeTarget;
			buildConfigurationList = 67D94D871CB1AD9100D84C7C /* Build configuration list for PBXNativeTarget "TutorME" */;
			buildPhases = (
				FF99E616C39C3EAA56EC6B06 /* Check Pods Manifest.lock */,
				67D94D6C1CB1AD9100D84C7C /* Sources */,
				67D94D6D1CB1AD9100D84C7C /* Frameworks */,
				67D94D6E1CB1AD9100D84C7C /* Resources */,
				D8C06000D7EFBCE32C723615 /* Embed Pods Frameworks */,
				0039BA86E28FE27045F29907 /* Copy Pods Resources */,
			);
			buildRules = (
			);
			dependencies = (
			);
			name = TutorME;
			productName = TutorME;
			productReference = 67D94D701CB1AD9100D84C7C /* TutorME.app */;
			productType = "com.apple.product-type.application";
		};
/* End PBXNativeTarget section */

/* Begin PBXProject section */
		67D94D681CB1AD9100D84C7C /* Project object */ = {
			isa = PBXProject;
			attributes = {
				LastUpgradeCheck = 0720;
				ORGANIZATIONNAME = kmayo;
				TargetAttributes = {
					67D94D6F1CB1AD9100D84C7C = {
						CreatedOnToolsVersion = 7.2.1;
					};
				};
			};
			buildConfigurationList = 67D94D6B1CB1AD9100D84C7C /* Build configuration list for PBXProject "TutorME" */;
			compatibilityVersion = "Xcode 3.2";
			developmentRegion = English;
			hasScannedForEncodings = 0;
			knownRegions = (
				en,
				Base,
			);
			mainGroup = 67D94D671CB1AD9100D84C7C;
			productRefGroup = 67D94D711CB1AD9100D84C7C /* Products */;
			projectDirPath = "";
			projectRoot = "";
			targets = (
				67D94D6F1CB1AD9100D84C7C /* TutorME */,
			);
		};
/* End PBXProject section */

/* Begin PBXResourcesBuildPhase section */
		67D94D6E1CB1AD9100D84C7C /* Resources */ = {
			isa = PBXResourcesBuildPhase;
			buildActionMask = 2147483647;
			files = (
				67D94D831CB1AD9100D84C7C /* LaunchScreen.storyboard in Resources */,
				EAE2F3F31CC3F91D00F8562D /* fontawesome-webfont.ttf in Resources */,
				67D94D801CB1AD9100D84C7C /* Assets.xcassets in Resources */,
				67D94D7E1CB1AD9100D84C7C /* Main.storyboard in Resources */,
			);
			runOnlyForDeploymentPostprocessing = 0;
		};
/* End PBXResourcesBuildPhase section */

/* Begin PBXShellScriptBuildPhase section */
		0039BA86E28FE27045F29907 /* Copy Pods Resources */ = {
			isa = PBXShellScriptBuildPhase;
			buildActionMask = 2147483647;
			files = (
			);
			inputPaths = (
			);
			name = "Copy Pods Resources";
			outputPaths = (
			);
			runOnlyForDeploymentPostprocessing = 0;
			shellPath = /bin/sh;
			shellScript = "\"${SRCROOT}/Pods/Target Support Files/Pods-TutorME/Pods-TutorME-resources.sh\"\n";
			showEnvVarsInLog = 0;
		};
		D8C06000D7EFBCE32C723615 /* Embed Pods Frameworks */ = {
			isa = PBXShellScriptBuildPhase;
			buildActionMask = 2147483647;
			files = (
			);
			inputPaths = (
			);
			name = "Embed Pods Frameworks";
			outputPaths = (
			);
			runOnlyForDeploymentPostprocessing = 0;
			shellPath = /bin/sh;
			shellScript = "\"${SRCROOT}/Pods/Target Support Files/Pods-TutorME/Pods-TutorME-frameworks.sh\"\n";
			showEnvVarsInLog = 0;
		};
		FF99E616C39C3EAA56EC6B06 /* Check Pods Manifest.lock */ = {
			isa = PBXShellScriptBuildPhase;
			buildActionMask = 2147483647;
			files = (
			);
			inputPaths = (
			);
			name = "Check Pods Manifest.lock";
			outputPaths = (
			);
			runOnlyForDeploymentPostprocessing = 0;
			shellPath = /bin/sh;
			shellScript = "diff \"${PODS_ROOT}/../Podfile.lock\" \"${PODS_ROOT}/Manifest.lock\" > /dev/null\nif [[ $? != 0 ]] ; then\n    cat << EOM\nerror: The sandbox is not in sync with the Podfile.lock. Run 'pod install' or update your CocoaPods installation.\nEOM\n    exit 1\nfi\n";
			showEnvVarsInLog = 0;
		};
/* End PBXShellScriptBuildPhase section */

/* Begin PBXSourcesBuildPhase section */
		67D94D6C1CB1AD9100D84C7C /* Sources */ = {
			isa = PBXSourcesBuildPhase;
			buildActionMask = 2147483647;
			files = (
				67A7A43B1CB3060500C3C21C /* NewQuestionViewController.m in Sources */,
				67D94DC81CB2150900D84C7C /* RegisterViewController.m in Sources */,
				67CAC6C51CB4040000963337 /* NewQuestion.m in Sources */,
				67A7A4271CB2EBCF00C3C21C /* ScoreViewController.m in Sources */,
				67F8329E1CB48253004C5811 /* HomeTableViewCell.m in Sources */,
				67A7A42A1CB2EC0000C3C21C /* ProfileViewController.m in Sources */,
				67D94DC51CB214F800D84C7C /* LoginViewController.m in Sources */,
				67CAC6C81CB430C500963337 /* ScoreTableViewCell.m in Sources */,
				67A7A44C1CB31AB800C3C21C /* Login.m in Sources */,
				67D94DC21CB20E4100D84C7C /* AboutViewController.m in Sources */,
				67D94D781CB1AD9100D84C7C /* AppDelegate.m in Sources */,
				AE5599061CC462B300562A5A /* PageFViewController.m in Sources */,
				6788EED51CBD70D7007B4070 /* QuestionViewController.m in Sources */,
				67D94D751CB1AD9100D84C7C /* main.m in Sources */,
				6742C2D31CBDF02F00563083 /* QuestionTableViewCell.m in Sources */,
				67A7A4241CB2EBB700C3C21C /* HomeViewController.m in Sources */,
				6708D57C1CC947EB00368633 /* AnswerViewController.m in Sources */,
				67CAC6C01CB3579300963337 /* Registration.m in Sources */,
			);
			runOnlyForDeploymentPostprocessing = 0;
		};
/* End PBXSourcesBuildPhase section */

/* Begin PBXVariantGroup section */
		67D94D7C1CB1AD9100D84C7C /* Main.storyboard */ = {
			isa = PBXVariantGroup;
			children = (
				67D94D7D1CB1AD9100D84C7C /* Base */,
			);
			name = Main.storyboard;
			sourceTree = "<group>";
		};
		67D94D811CB1AD9100D84C7C /* LaunchScreen.storyboard */ = {
			isa = PBXVariantGroup;
			children = (
				67D94D821CB1AD9100D84C7C /* Base */,
			);
			name = LaunchScreen.storyboard;
			sourceTree = "<group>";
		};
/* End PBXVariantGroup section */

/* Begin XCBuildConfiguration section */
		67D94D851CB1AD9100D84C7C /* Debug */ = {
			isa = XCBuildConfiguration;
			buildSettings = {
				ALWAYS_SEARCH_USER_PATHS = NO;
				CLANG_CXX_LANGUAGE_STANDARD = "gnu++0x";
				CLANG_CXX_LIBRARY = "libc++";
				CLANG_ENABLE_MODULES = YES;
				CLANG_ENABLE_OBJC_ARC = YES;
				CLANG_WARN_BOOL_CONVERSION = YES;
				CLANG_WARN_CONSTANT_CONVERSION = YES;
				CLANG_WARN_DIRECT_OBJC_ISA_USAGE = YES_ERROR;
				CLANG_WARN_EMPTY_BODY = YES;
				CLANG_WARN_ENUM_CONVERSION = YES;
				CLANG_WARN_INT_CONVERSION = YES;
				CLANG_WARN_OBJC_ROOT_CLASS = YES_ERROR;
				CLANG_WARN_UNREACHABLE_CODE = YES;
				CLANG_WARN__DUPLICATE_METHOD_MATCH = YES;
				"CODE_SIGN_IDENTITY[sdk=iphoneos*]" = "iPhone Developer";
				COPY_PHASE_STRIP = NO;
				DEBUG_INFORMATION_FORMAT = dwarf;
				ENABLE_STRICT_OBJC_MSGSEND = YES;
				ENABLE_TESTABILITY = YES;
				GCC_C_LANGUAGE_STANDARD = gnu99;
				GCC_DYNAMIC_NO_PIC = NO;
				GCC_NO_COMMON_BLOCKS = YES;
				GCC_OPTIMIZATION_LEVEL = 0;
				GCC_PREPROCESSOR_DEFINITIONS = (
					"DEBUG=1",
					"$(inherited)",
				);
				GCC_WARN_64_TO_32_BIT_CONVERSION = YES;
				GCC_WARN_ABOUT_RETURN_TYPE = YES_ERROR;
				GCC_WARN_UNDECLARED_SELECTOR = YES;
				GCC_WARN_UNINITIALIZED_AUTOS = YES_AGGRESSIVE;
				GCC_WARN_UNUSED_FUNCTION = YES;
				GCC_WARN_UNUSED_VARIABLE = YES;
				IPHONEOS_DEPLOYMENT_TARGET = 9.2;
				MTL_ENABLE_DEBUG_INFO = YES;
				ONLY_ACTIVE_ARCH = YES;
				SDKROOT = iphoneos;
				TARGETED_DEVICE_FAMILY = "1,2";
			};
			name = Debug;
		};
		67D94D861CB1AD9100D84C7C /* Release */ = {
			isa = XCBuildConfiguration;
			buildSettings = {
				ALWAYS_SEARCH_USER_PATHS = NO;
				CLANG_CXX_LANGUAGE_STANDARD = "gnu++0x";
				CLANG_CXX_LIBRARY = "libc++";
				CLANG_ENABLE_MODULES = YES;
				CLANG_ENABLE_OBJC_ARC = YES;
				CLANG_WARN_BOOL_CONVERSION = YES;
				CLANG_WARN_CONSTANT_CONVERSION = YES;
				CLANG_WARN_DIRECT_OBJC_ISA_USAGE = YES_ERROR;
				CLANG_WARN_EMPTY_BODY = YES;
				CLANG_WARN_ENUM_CONVERSION = YES;
				CLANG_WARN_INT_CONVERSION = YES;
				CLANG_WARN_OBJC_ROOT_CLASS = YES_ERROR;
				CLANG_WARN_UNREACHABLE_CODE = YES;
				CLANG_WARN__DUPLICATE_METHOD_MATCH = YES;
				"CODE_SIGN_IDENTITY[sdk=iphoneos*]" = "iPhone Developer";
				COPY_PHASE_STRIP = NO;
				DEBUG_INFORMATION_FORMAT = "dwarf-with-dsym";
				ENABLE_NS_ASSERTIONS = NO;
				ENABLE_STRICT_OBJC_MSGSEND = YES;
				GCC_C_LANGUAGE_STANDARD = gnu99;
				GCC_NO_COMMON_BLOCKS = YES;
				GCC_WARN_64_TO_32_BIT_CONVERSION = YES;
				GCC_WARN_ABOUT_RETURN_TYPE = YES_ERROR;
				GCC_WARN_UNDECLARED_SELECTOR = YES;
				GCC_WARN_UNINITIALIZED_AUTOS = YES_AGGRESSIVE;
				GCC_WARN_UNUSED_FUNCTION = YES;
				GCC_WARN_UNUSED_VARIABLE = YES;
				IPHONEOS_DEPLOYMENT_TARGET = 9.2;
				MTL_ENABLE_DEBUG_INFO = NO;
				SDKROOT = iphoneos;
				TARGETED_DEVICE_FAMILY = "1,2";
				VALIDATE_PRODUCT = YES;
			};
			name = Release;
		};
		67D94D881CB1AD9100D84C7C /* Debug */ = {
			isa = XCBuildConfiguration;
			baseConfigurationReference = 9F6547F4747890712863D55B /* Pods-TutorME.debug.xcconfig */;
			buildSettings = {
				ASSETCATALOG_COMPILER_APPICON_NAME = AppIcon;
				INFOPLIST_FILE = TutorME/Info.plist;
				LD_RUNPATH_SEARCH_PATHS = "$(inherited) @executable_path/Frameworks";
				PRODUCT_BUNDLE_IDENTIFIER = io.kmayo.TutorME;
				PRODUCT_NAME = "$(TARGET_NAME)";
			};
			name = Debug;
		};
		67D94D891CB1AD9100D84C7C /* Release */ = {
			isa = XCBuildConfiguration;
			baseConfigurationReference = C0410AC47C29B98E157F9238 /* Pods-TutorME.release.xcconfig */;
			buildSettings = {
				ASSETCATALOG_COMPILER_APPICON_NAME = AppIcon;
				INFOPLIST_FILE = TutorME/Info.plist;
				LD_RUNPATH_SEARCH_PATHS = "$(inherited) @executable_path/Frameworks";
				PRODUCT_BUNDLE_IDENTIFIER = io.kmayo.TutorME;
				PRODUCT_NAME = "$(TARGET_NAME)";
			};
			name = Release;
		};
/* End XCBuildConfiguration section */

/* Begin XCConfigurationList section */
		67D94D6B1CB1AD9100D84C7C /* Build configuration list for PBXProject "TutorME" */ = {
			isa = XCConfigurationList;
			buildConfigurations = (
				67D94D851CB1AD9100D84C7C /* Debug */,
				67D94D861CB1AD9100D84C7C /* Release */,
			);
			defaultConfigurationIsVisible = 0;
			defaultConfigurationName = Release;
		};
		67D94D871CB1AD9100D84C7C /* Build configuration list for PBXNativeTarget "TutorME" */ = {
			isa = XCConfigurationList;
			buildConfigurations = (
				67D94D881CB1AD9100D84C7C /* Debug */,
				67D94D891CB1AD9100D84C7C /* Release */,
			);
			defaultConfigurationIsVisible = 0;
			defaultConfigurationName = Release;
		};
/* End XCConfigurationList section */
	};
	rootObject = 67D94D681CB1AD9100D84C7C /* Project object */;
}
